
Microsoft Visual Studio Solution File, Format Version 12.00
# Visual Studio Version 17
VisualStudioVersion = 17.6.33829.357
MinimumVisualStudioVersion = 10.0.40219.1
Project("{9A19103F-16F7-4668-BE54-9A1E7A4F7556}") = "IteratorKit", "IteratorKit.csproj", "{142B6011-F9E1-4F6B-99E8-85215B30E118}"
EndProject
Global
	GlobalSection(SolutionConfigurationPlatforms) = preSolution
		Debug|Any CPU = Debug|Any CPU
		Release|Any CPU = Release|Any CPU
	EndGlobalSection
	GlobalSection(ProjectConfigurationPlatforms) = postSolution
		{142B6011-F9E1-4F6B-99E8-85215B30E118}.Debug|Any CPU.ActiveCfg = Debug|Any CPU
		{142B6011-F9E1-4F6B-99E8-85215B30E118}.Debug|Any CPU.Build.0 = Debug|Any CPU
		{142B6011-F9E1-4F6B-99E8-85215B30E118}.Release|Any CPU.ActiveCfg = Release|Any CPU
		{142B6011-F9E1-4F6B-99E8-85215B30E118}.Release|Any CPU.Build.0 = Release|Any CPU
	EndGlobalSection
	GlobalSection(SolutionProperties) = preSolution
		HideSolutionNode = FALSE
	EndGlobalSection
	GlobalSection(ExtensibilityGlobals) = postSolution
		SolutionGuid = {09E732EB-15FD-4429-BA75-355A9FB804A3}
	EndGlobalSection
EndGlobal
